
Microsoft Visual Studio Solution File, Format Version 12.00
# Visual Studio 15
VisualStudioVersion = 15.0.28307.168
MinimumVisualStudioVersion = 10.0.40219.1
Project("{FAE04EC0-301F-11D3-BF4B-00C04F79EFBC}") = "RestaurantReviews", "RestaurantReviews\RestaurantReviews.csproj", "{AF383AC2-84D5-4245-832D-14C401A4748A}"
EndProject
Project("{FAE04EC0-301F-11D3-BF4B-00C04F79EFBC}") = "RestaurantReviewsEntities", "RestaurantReviewsEntities\RestaurantReviewsEntities.csproj", "{39A7B976-78B4-454A-8558-EA56F41DE99A}"
EndProject
Global
	GlobalSection(SolutionConfigurationPlatforms) = preSolution
		Debug|Any CPU = Debug|Any CPU
		Release|Any CPU = Release|Any CPU
	EndGlobalSection
	GlobalSection(ProjectConfigurationPlatforms) = postSolution
		{AF383AC2-84D5-4245-832D-14C401A4748A}.Debug|Any CPU.ActiveCfg = Debug|Any CPU
		{AF383AC2-84D5-4245-832D-14C401A4748A}.Debug|Any CPU.Build.0 = Debug|Any CPU
		{AF383AC2-84D5-4245-832D-14C401A4748A}.Release|Any CPU.ActiveCfg = Release|Any CPU
		{AF383AC2-84D5-4245-832D-14C401A4748A}.Release|Any CPU.Build.0 = Release|Any CPU
		{39A7B976-78B4-454A-8558-EA56F41DE99A}.Debug|Any CPU.ActiveCfg = Debug|Any CPU
		{39A7B976-78B4-454A-8558-EA56F41DE99A}.Debug|Any CPU.Build.0 = Debug|Any CPU
		{39A7B976-78B4-454A-8558-EA56F41DE99A}.Release|Any CPU.ActiveCfg = Release|Any CPU
		{39A7B976-78B4-454A-8558-EA56F41DE99A}.Release|Any CPU.Build.0 = Release|Any CPU
	EndGlobalSection
	GlobalSection(SolutionProperties) = preSolution
		HideSolutionNode = FALSE
	EndGlobalSection
	GlobalSection(ExtensibilityGlobals) = postSolution
		SolutionGuid = {ED3D5918-1C8C-4D1B-BEA6-B2BBBAE3D306}
	EndGlobalSection
EndGlobal
