
Microsoft Visual Studio Solution File, Format Version 12.00
# Visual Studio 14
VisualStudioVersion = 14.0.24720.0
MinimumVisualStudioVersion = 10.0.40219.1
Project("{00D1A9C2-B5F0-4AF3-8072-F6C62B433612}") = "Supr.Db", "Supr.Db\Supr.Db.sqlproj", "{A6323D65-FD0D-43DC-852C-0019A374B71F}"
EndProject
Project("{FAE04EC0-301F-11D3-BF4B-00C04F79EFBC}") = "Supr.Model", "Supr.Model\Supr.Model.csproj", "{2527F24F-DE55-4D0A-B687-AC5D52FF7B17}"
EndProject
Project("{FAE04EC0-301F-11D3-BF4B-00C04F79EFBC}") = "Supr.Api", "Supr.Api\Supr.Api.csproj", "{B9A0747E-3CF3-46BE-97CE-EF0263939561}"
EndProject
Project("{FAE04EC0-301F-11D3-BF4B-00C04F79EFBC}") = "Supr.Test", "Supr.Test\Supr.Test.csproj", "{4FE7345A-77C3-4E1E-AE12-90CAEC61B49D}"
EndProject
Global
	GlobalSection(SolutionConfigurationPlatforms) = preSolution
		Debug|Any CPU = Debug|Any CPU
		Release|Any CPU = Release|Any CPU
	EndGlobalSection
	GlobalSection(ProjectConfigurationPlatforms) = postSolution
		{A6323D65-FD0D-43DC-852C-0019A374B71F}.Debug|Any CPU.ActiveCfg = Debug|Any CPU
		{A6323D65-FD0D-43DC-852C-0019A374B71F}.Debug|Any CPU.Build.0 = Debug|Any CPU
		{A6323D65-FD0D-43DC-852C-0019A374B71F}.Debug|Any CPU.Deploy.0 = Debug|Any CPU
		{A6323D65-FD0D-43DC-852C-0019A374B71F}.Release|Any CPU.ActiveCfg = Release|Any CPU
		{A6323D65-FD0D-43DC-852C-0019A374B71F}.Release|Any CPU.Build.0 = Release|Any CPU
		{A6323D65-FD0D-43DC-852C-0019A374B71F}.Release|Any CPU.Deploy.0 = Release|Any CPU
		{2527F24F-DE55-4D0A-B687-AC5D52FF7B17}.Debug|Any CPU.ActiveCfg = Debug|Any CPU
		{2527F24F-DE55-4D0A-B687-AC5D52FF7B17}.Debug|Any CPU.Build.0 = Debug|Any CPU
		{2527F24F-DE55-4D0A-B687-AC5D52FF7B17}.Release|Any CPU.ActiveCfg = Release|Any CPU
		{2527F24F-DE55-4D0A-B687-AC5D52FF7B17}.Release|Any CPU.Build.0 = Release|Any CPU
		{B9A0747E-3CF3-46BE-97CE-EF0263939561}.Debug|Any CPU.ActiveCfg = Debug|Any CPU
		{B9A0747E-3CF3-46BE-97CE-EF0263939561}.Debug|Any CPU.Build.0 = Debug|Any CPU
		{B9A0747E-3CF3-46BE-97CE-EF0263939561}.Release|Any CPU.ActiveCfg = Release|Any CPU
		{B9A0747E-3CF3-46BE-97CE-EF0263939561}.Release|Any CPU.Build.0 = Release|Any CPU
		{4FE7345A-77C3-4E1E-AE12-90CAEC61B49D}.Debug|Any CPU.ActiveCfg = Debug|Any CPU
		{4FE7345A-77C3-4E1E-AE12-90CAEC61B49D}.Debug|Any CPU.Build.0 = Debug|Any CPU
		{4FE7345A-77C3-4E1E-AE12-90CAEC61B49D}.Release|Any CPU.ActiveCfg = Release|Any CPU
		{4FE7345A-77C3-4E1E-AE12-90CAEC61B49D}.Release|Any CPU.Build.0 = Release|Any CPU
	EndGlobalSection
	GlobalSection(SolutionProperties) = preSolution
		HideSolutionNode = FALSE
	EndGlobalSection
EndGlobal
