
Microsoft Visual Studio Solution File, Format Version 12.00
# Visual Studio 15
VisualStudioVersion = 15.0.28010.2048
MinimumVisualStudioVersion = 10.0.40219.1
Project("{FAE04EC0-301F-11D3-BF4B-00C04F79EFBC}") = "RestaurantReview2", "RestaurantReview2\RestaurantReview2.csproj", "{7EFF1157-41C8-4A97-B583-F7CE515EEA0D}"
EndProject
Project("{FAE04EC0-301F-11D3-BF4B-00C04F79EFBC}") = "Models", "Entities\Models.csproj", "{016463FF-51CA-469E-85CD-52E2F258E600}"
EndProject
Project("{FAE04EC0-301F-11D3-BF4B-00C04F79EFBC}") = "Repositories", "Repositories\Repositories.csproj", "{7C189677-329C-496E-A6E7-41BEF98D53EE}"
EndProject
Project("{FAE04EC0-301F-11D3-BF4B-00C04F79EFBC}") = "UnitTesting.Repositories.Tests", "UnitTesting.Repositories.Tests\UnitTesting.Repositories.Tests.csproj", "{1D11A159-40D9-4C6E-8CA6-6191EF2115D1}"
EndProject
Project("{FAE04EC0-301F-11D3-BF4B-00C04F79EFBC}") = "UnitTesting.Controllers.Tests", "UnitTesting.Controllers.Tests\UnitTesting.Controllers.Tests.csproj", "{7C5A23AD-10DD-4241-9CF7-50B66CE08134}"
EndProject
Project("{2150E333-8FDC-42A3-9474-1A3956D46DE8}") = "Solution Items", "Solution Items", "{9EF79A60-E68A-413A-B174-8737BFF0A12D}"
	ProjectSection(SolutionItems) = preProject
		README.txt = README.txt
	EndProjectSection
EndProject
Global
	GlobalSection(SolutionConfigurationPlatforms) = preSolution
		Debug|Any CPU = Debug|Any CPU
		Release|Any CPU = Release|Any CPU
	EndGlobalSection
	GlobalSection(ProjectConfigurationPlatforms) = postSolution
		{7EFF1157-41C8-4A97-B583-F7CE515EEA0D}.Debug|Any CPU.ActiveCfg = Debug|Any CPU
		{7EFF1157-41C8-4A97-B583-F7CE515EEA0D}.Debug|Any CPU.Build.0 = Debug|Any CPU
		{7EFF1157-41C8-4A97-B583-F7CE515EEA0D}.Release|Any CPU.ActiveCfg = Release|Any CPU
		{7EFF1157-41C8-4A97-B583-F7CE515EEA0D}.Release|Any CPU.Build.0 = Release|Any CPU
		{016463FF-51CA-469E-85CD-52E2F258E600}.Debug|Any CPU.ActiveCfg = Debug|Any CPU
		{016463FF-51CA-469E-85CD-52E2F258E600}.Debug|Any CPU.Build.0 = Debug|Any CPU
		{016463FF-51CA-469E-85CD-52E2F258E600}.Release|Any CPU.ActiveCfg = Release|Any CPU
		{016463FF-51CA-469E-85CD-52E2F258E600}.Release|Any CPU.Build.0 = Release|Any CPU
		{7C189677-329C-496E-A6E7-41BEF98D53EE}.Debug|Any CPU.ActiveCfg = Debug|Any CPU
		{7C189677-329C-496E-A6E7-41BEF98D53EE}.Debug|Any CPU.Build.0 = Debug|Any CPU
		{7C189677-329C-496E-A6E7-41BEF98D53EE}.Release|Any CPU.ActiveCfg = Release|Any CPU
		{7C189677-329C-496E-A6E7-41BEF98D53EE}.Release|Any CPU.Build.0 = Release|Any CPU
		{1D11A159-40D9-4C6E-8CA6-6191EF2115D1}.Debug|Any CPU.ActiveCfg = Debug|Any CPU
		{1D11A159-40D9-4C6E-8CA6-6191EF2115D1}.Debug|Any CPU.Build.0 = Debug|Any CPU
		{1D11A159-40D9-4C6E-8CA6-6191EF2115D1}.Release|Any CPU.ActiveCfg = Release|Any CPU
		{1D11A159-40D9-4C6E-8CA6-6191EF2115D1}.Release|Any CPU.Build.0 = Release|Any CPU
		{7C5A23AD-10DD-4241-9CF7-50B66CE08134}.Debug|Any CPU.ActiveCfg = Debug|Any CPU
		{7C5A23AD-10DD-4241-9CF7-50B66CE08134}.Debug|Any CPU.Build.0 = Debug|Any CPU
		{7C5A23AD-10DD-4241-9CF7-50B66CE08134}.Release|Any CPU.ActiveCfg = Release|Any CPU
		{7C5A23AD-10DD-4241-9CF7-50B66CE08134}.Release|Any CPU.Build.0 = Release|Any CPU
	EndGlobalSection
	GlobalSection(SolutionProperties) = preSolution
		HideSolutionNode = FALSE
	EndGlobalSection
	GlobalSection(ExtensibilityGlobals) = postSolution
		SolutionGuid = {52C05060-AECC-4419-A289-335D2ACDE9EC}
	EndGlobalSection
EndGlobal
