
Microsoft Visual Studio Solution File, Format Version 12.00
# Visual Studio 15
VisualStudioVersion = 15.0.27428.2037
MinimumVisualStudioVersion = 10.0.40219.1
Project("{FAE04EC0-301F-11D3-BF4B-00C04F79EFBC}") = "RestaurantReviews", "RestaurantReviews\RestaurantReviews.csproj", "{90202EB6-6CBC-4662-95CD-E51BCAB19871}"
EndProject
Project("{FAE04EC0-301F-11D3-BF4B-00C04F79EFBC}") = "RestaurantReviews.API", "RestaurantReviews.API\RestaurantReviews.API.csproj", "{EFE3DE6E-4583-45DF-8DD6-AAFDDD10E72D}"
EndProject
Global
	GlobalSection(SolutionConfigurationPlatforms) = preSolution
		Debug|Any CPU = Debug|Any CPU
		Release|Any CPU = Release|Any CPU
	EndGlobalSection
	GlobalSection(ProjectConfigurationPlatforms) = postSolution
		{90202EB6-6CBC-4662-95CD-E51BCAB19871}.Debug|Any CPU.ActiveCfg = Debug|Any CPU
		{90202EB6-6CBC-4662-95CD-E51BCAB19871}.Debug|Any CPU.Build.0 = Debug|Any CPU
		{90202EB6-6CBC-4662-95CD-E51BCAB19871}.Release|Any CPU.ActiveCfg = Release|Any CPU
		{90202EB6-6CBC-4662-95CD-E51BCAB19871}.Release|Any CPU.Build.0 = Release|Any CPU
		{EFE3DE6E-4583-45DF-8DD6-AAFDDD10E72D}.Debug|Any CPU.ActiveCfg = Debug|Any CPU
		{EFE3DE6E-4583-45DF-8DD6-AAFDDD10E72D}.Debug|Any CPU.Build.0 = Debug|Any CPU
		{EFE3DE6E-4583-45DF-8DD6-AAFDDD10E72D}.Release|Any CPU.ActiveCfg = Release|Any CPU
		{EFE3DE6E-4583-45DF-8DD6-AAFDDD10E72D}.Release|Any CPU.Build.0 = Release|Any CPU
	EndGlobalSection
	GlobalSection(SolutionProperties) = preSolution
		HideSolutionNode = FALSE
	EndGlobalSection
	GlobalSection(ExtensibilityGlobals) = postSolution
		SolutionGuid = {EDA4B53D-F4EB-41B8-B268-F7426F86E985}
	EndGlobalSection
EndGlobal
