
Microsoft Visual Studio Solution File, Format Version 12.00
# Visual Studio Version 16
VisualStudioVersion = 16.0.30907.101
MinimumVisualStudioVersion = 10.0.40219.1
Project("{9A19103F-16F7-4668-BE54-9A1E7A4F7556}") = "Data", "Data\Data.csproj", "{6FF5C42E-26C5-47B1-AC1F-B0404DA9032A}"
EndProject
Project("{9A19103F-16F7-4668-BE54-9A1E7A4F7556}") = "Domain", "Domain\Domain.csproj", "{33D03833-0BE9-4D61-B183-66A82D742D68}"
EndProject
Project("{9A19103F-16F7-4668-BE54-9A1E7A4F7556}") = "WebApi", "WebApi\WebApi.csproj", "{844DD212-511C-4FB1-8FD4-5651A31AE4E3}"
EndProject
Global
	GlobalSection(SolutionConfigurationPlatforms) = preSolution
		Debug|Any CPU = Debug|Any CPU
		Release|Any CPU = Release|Any CPU
	EndGlobalSection
	GlobalSection(ProjectConfigurationPlatforms) = postSolution
		{6FF5C42E-26C5-47B1-AC1F-B0404DA9032A}.Debug|Any CPU.ActiveCfg = Debug|Any CPU
		{6FF5C42E-26C5-47B1-AC1F-B0404DA9032A}.Debug|Any CPU.Build.0 = Debug|Any CPU
		{6FF5C42E-26C5-47B1-AC1F-B0404DA9032A}.Release|Any CPU.ActiveCfg = Release|Any CPU
		{6FF5C42E-26C5-47B1-AC1F-B0404DA9032A}.Release|Any CPU.Build.0 = Release|Any CPU
		{33D03833-0BE9-4D61-B183-66A82D742D68}.Debug|Any CPU.ActiveCfg = Debug|Any CPU
		{33D03833-0BE9-4D61-B183-66A82D742D68}.Debug|Any CPU.Build.0 = Debug|Any CPU
		{33D03833-0BE9-4D61-B183-66A82D742D68}.Release|Any CPU.ActiveCfg = Release|Any CPU
		{33D03833-0BE9-4D61-B183-66A82D742D68}.Release|Any CPU.Build.0 = Release|Any CPU
		{844DD212-511C-4FB1-8FD4-5651A31AE4E3}.Debug|Any CPU.ActiveCfg = Debug|Any CPU
		{844DD212-511C-4FB1-8FD4-5651A31AE4E3}.Debug|Any CPU.Build.0 = Debug|Any CPU
		{844DD212-511C-4FB1-8FD4-5651A31AE4E3}.Release|Any CPU.ActiveCfg = Release|Any CPU
		{844DD212-511C-4FB1-8FD4-5651A31AE4E3}.Release|Any CPU.Build.0 = Release|Any CPU
	EndGlobalSection
	GlobalSection(SolutionProperties) = preSolution
		HideSolutionNode = FALSE
	EndGlobalSection
	GlobalSection(ExtensibilityGlobals) = postSolution
		SolutionGuid = {3E59CE03-FEED-4F5B-9E38-4FE00C1E08BB}
	EndGlobalSection
EndGlobal
