
Microsoft Visual Studio Solution File, Format Version 12.00
# Visual Studio Version 16
VisualStudioVersion = 16.0.29009.5
MinimumVisualStudioVersion = 10.0.40219.1
Project("{9A19103F-16F7-4668-BE54-9A1E7A4F7556}") = "RestaurantReview", "RestaurantReview\RestaurantReview.csproj", "{8360EA5F-0352-4385-8CAD-7404D91D7B0A}"
EndProject
Project("{9A19103F-16F7-4668-BE54-9A1E7A4F7556}") = "RestaurantReviewTests", "RestaurantReviewTests\RestaurantReviewTests.csproj", "{81113AFA-4B8B-43CA-9632-2787FEF30F5A}"
EndProject
Project("{FAE04EC0-301F-11D3-BF4B-00C04F79EFBC}") = "RestaurantReviewMSTests", "RestaurantReviewMSTests\RestaurantReviewMSTests.csproj", "{12BFBAB3-915A-4A85-8691-B01C7725CA06}"
EndProject
Global
	GlobalSection(SolutionConfigurationPlatforms) = preSolution
		Debug|Any CPU = Debug|Any CPU
		Release|Any CPU = Release|Any CPU
	EndGlobalSection
	GlobalSection(ProjectConfigurationPlatforms) = postSolution
		{8360EA5F-0352-4385-8CAD-7404D91D7B0A}.Debug|Any CPU.ActiveCfg = Debug|Any CPU
		{8360EA5F-0352-4385-8CAD-7404D91D7B0A}.Debug|Any CPU.Build.0 = Debug|Any CPU
		{8360EA5F-0352-4385-8CAD-7404D91D7B0A}.Release|Any CPU.ActiveCfg = Release|Any CPU
		{8360EA5F-0352-4385-8CAD-7404D91D7B0A}.Release|Any CPU.Build.0 = Release|Any CPU
		{81113AFA-4B8B-43CA-9632-2787FEF30F5A}.Debug|Any CPU.ActiveCfg = Debug|Any CPU
		{81113AFA-4B8B-43CA-9632-2787FEF30F5A}.Debug|Any CPU.Build.0 = Debug|Any CPU
		{81113AFA-4B8B-43CA-9632-2787FEF30F5A}.Release|Any CPU.ActiveCfg = Release|Any CPU
		{81113AFA-4B8B-43CA-9632-2787FEF30F5A}.Release|Any CPU.Build.0 = Release|Any CPU
		{12BFBAB3-915A-4A85-8691-B01C7725CA06}.Debug|Any CPU.ActiveCfg = Debug|Any CPU
		{12BFBAB3-915A-4A85-8691-B01C7725CA06}.Debug|Any CPU.Build.0 = Debug|Any CPU
		{12BFBAB3-915A-4A85-8691-B01C7725CA06}.Release|Any CPU.ActiveCfg = Release|Any CPU
		{12BFBAB3-915A-4A85-8691-B01C7725CA06}.Release|Any CPU.Build.0 = Release|Any CPU
	EndGlobalSection
	GlobalSection(SolutionProperties) = preSolution
		HideSolutionNode = FALSE
	EndGlobalSection
	GlobalSection(ExtensibilityGlobals) = postSolution
		SolutionGuid = {876CA238-341F-46DB-BD6C-AE2A4DDBB5F8}
	EndGlobalSection
EndGlobal
