
Microsoft Visual Studio Solution File, Format Version 12.00
# Visual Studio 14
VisualStudioVersion = 14.0.23107.0
MinimumVisualStudioVersion = 10.0.40219.1
Project("{FAE04EC0-301F-11D3-BF4B-00C04F79EFBC}") = "ObjectModel", "OltpApi\ObjectModel.csproj", "{BEA0E1A5-9100-4E0F-8AD7-E43E30548388}"
EndProject
Global
	GlobalSection(SolutionConfigurationPlatforms) = preSolution
		Debug|Any CPU = Debug|Any CPU
		Release|Any CPU = Release|Any CPU
	EndGlobalSection
	GlobalSection(ProjectConfigurationPlatforms) = postSolution
		{BEA0E1A5-9100-4E0F-8AD7-E43E30548388}.Debug|Any CPU.ActiveCfg = Debug|Any CPU
		{BEA0E1A5-9100-4E0F-8AD7-E43E30548388}.Debug|Any CPU.Build.0 = Debug|Any CPU
		{BEA0E1A5-9100-4E0F-8AD7-E43E30548388}.Release|Any CPU.ActiveCfg = Release|Any CPU
		{BEA0E1A5-9100-4E0F-8AD7-E43E30548388}.Release|Any CPU.Build.0 = Release|Any CPU
	EndGlobalSection
	GlobalSection(SolutionProperties) = preSolution
		HideSolutionNode = FALSE
	EndGlobalSection
EndGlobal
